// !$*UTF8*$!
{
	archiveVersion = 1;
	classes = {
	};
	objectVersion = 46;
	objects = {

/* Begin PBXBuildFile section */
		825BA2701E79F7B400DADB93 /* AppDelegate.swift in Sources */ = {isa = PBXBuildFile; fileRef = 825BA26F1E79F7B400DADB93 /* AppDelegate.swift */; };
		825BA2721E79F7B400DADB93 /* ViewController.swift in Sources */ = {isa = PBXBuildFile; fileRef = 825BA2711E79F7B400DADB93 /* ViewController.swift */; };
		825BA2751E79F7B400DADB93 /* Main.storyboard in Resources */ = {isa = PBXBuildFile; fileRef = 825BA2731E79F7B400DADB93 /* Main.storyboard */; };
		825BA2771E79F7B400DADB93 /* Assets.xcassets in Resources */ = {isa = PBXBuildFile; fileRef = 825BA2761E79F7B400DADB93 /* Assets.xcassets */; };
		825BA27A1E79F7B400DADB93 /* LaunchScreen.storyboard in Resources */ = {isa = PBXBuildFile; fileRef = 825BA2781E79F7B400DADB93 /* LaunchScreen.storyboard */; };
/* End PBXBuildFile section */

/* Begin PBXFileReference section */
		825BA26C1E79F7B400DADB93 /* MIT Hello World.app */ = {isa = PBXFileReference; explicitFileType = wrapper.application; includeInIndex = 0; path = "MIT Hello World.app"; sourceTree = BUILT_PRODUCTS_DIR; };
		825BA26F1E79F7B400DADB93 /* AppDelegate.swift */ = {isa = PBXFileReference; lastKnownFileType = sourcecode.swift; path = AppDelegate.swift; sourceTree = "<group>"; };
		825BA2711E79F7B400DADB93 /* ViewController.swift */ = {isa = PBXFileReference; lastKnownFileType = sourcecode.swift; path = ViewController.swift; sourceTree = "<group>"; };
		825BA2741E79F7B400DADB93 /* Base */ = {isa = PBXFileReference; lastKnownFileType = file.storyboard; name = Base; path = Base.lproj/Main.storyboard; sourceTree = "<group>"; };
		825BA2761E79F7B400DADB93 /* Assets.xcassets */ = {isa = PBXFileReference; lastKnownFileType = folder.assetcatalog; path = Assets.xcassets; sourceTree = "<group>"; };
		825BA2791E79F7B400DADB93 /* Base */ = {isa = PBXFileReference; lastKnownFileType = file.storyboard; name = Base; path = Base.lproj/LaunchScreen.storyboard; sourceTree = "<group>"; };
		825BA27B1E79F7B400DADB93 /* Info.plist */ = {isa = PBXFileReference; lastKnownFileType = text.plist.xml; path = Info.plist; sourceTree = "<group>"; };
/* End PBXFileReference section */

/* Begin PBXFrameworksBuildPhase section */
		825BA2691E79F7B300DADB93 /* Frameworks */ = {
			isa = PBXFrameworksBuildPhase;
			buildActionMask = 2147483647;
			files = (
			);
			runOnlyForDeploymentPostprocessing = 0;
		};
/* End PBXFrameworksBuildPhase section */

/* Begin PBXGroup section */
		825BA2631E79F7B300DADB93 = {
			isa = PBXGroup;
			children = (
				825BA26E1E79F7B400DADB93 /* MIT Hello World */,
				825BA26D1E79F7B400DADB93 /* Products */,
			);
			sourceTree = "<group>";
		};
		825BA26D1E79F7B400DADB93 /* Products */ = {
			isa = PBXGroup;
			children = (
				825BA26C1E79F7B400DADB93 /* MIT Hello World.app */,
			);
			name = Products;
			sourceTree = "<group>";
		};
		825BA26E1E79F7B400DADB93 /* MIT Hello World */ = {
			isa = PBXGroup;
			children = (
				825BA26F1E79F7B400DADB93 /* AppDelegate.swift */,
				825BA2711E79F7B400DADB93 /* ViewController.swift */,
				825BA2731E79F7B400DADB93 /* Main.storyboard */,
				825BA2761E79F7B400DADB93 /* Assets.xcassets */,
				825BA2781E79F7B400DADB93 /* LaunchScreen.storyboard */,
				825BA27B1E79F7B400DADB93 /* Info.plist */,
			);
			path = "MIT Hello World";
			sourceTree = "<group>";
		};
/* End PBXGroup section */

/* Begin PBXNativeTarget section */
		825BA26B1E79F7B300DADB93 /* MIT Hello World */ = {
			isa = PBXNativeTarget;
			buildConfigurationList = 825BA27E1E79F7B400DADB93 /* Build configuration list for PBXNativeTarget "MIT Hello World" */;
			buildPhases = (
				825BA2681E79F7B300DADB93 /* Sources */,
				825BA2691E79F7B300DADB93 /* Frameworks */,
				825BA26A1E79F7B300DADB93 /* Resources */,
			);
			buildRules = (
			);
			dependencies = (
			);
			name = "MIT Hello World";
			productName = "MIT Hello World";
			productReference = 825BA26C1E79F7B400DADB93 /* MIT Hello World.app */;
			productType = "com.apple.product-type.application";
		};
/* End PBXNativeTarget section */

/* Begin PBXProject section */
		825BA2641E79F7B300DADB93 /* Project object */ = {
			isa = PBXProject;
			attributes = {
				LastSwiftUpdateCheck = 0820;
				LastUpgradeCheck = 0820;
				ORGANIZATIONNAME = T7ME;
				TargetAttributes = {
					825BA26B1E79F7B300DADB93 = {
						CreatedOnToolsVersion = 8.2.1;
						ProvisioningStyle = Automatic;
					};
				};
			};
			buildConfigurationList = 825BA2671E79F7B300DADB93 /* Build configuration list for PBXProject "MIT Hello World" */;
			compatibilityVersion = "Xcode 3.2";
			developmentRegion = English;
			hasScannedForEncodings = 0;
			knownRegions = (
				en,
				Base,
			);
			mainGroup = 825BA2631E79F7B300DADB93;
			productRefGroup = 825BA26D1E79F7B400DADB93 /* Products */;
			projectDirPath = "";
			projectRoot = "";
			targets = (
				825BA26B1E79F7B300DADB93 /* MIT Hello World */,
			);
		};
/* End PBXProject section */

/* Begin PBXResourcesBuildPhase section */
		825BA26A1E79F7B300DADB93 /* Resources */ = {
			isa = PBXResourcesBuildPhase;
			buildActionMask = 2147483647;
			files = (
				825BA27A1E79F7B400DADB93 /* LaunchScreen.storyboard in Resources */,
				825BA2771E79F7B400DADB93 /* Assets.xcassets in Resources */,
				825BA2751E79F7B400DADB93 /* Main.storyboard in Resources */,
			);
			runOnlyForDeploymentPostprocessing = 0;
		};
/* End PBXResourcesBuildPhase section */

/* Begin PBXSourcesBuildPhase section */
		825BA2681E79F7B300DADB93 /* Sources */ = {
			isa = PBXSourcesBuildPhase;
			buildActionMask = 2147483647;
			files = (
				825BA2721E79F7B400DADB93 /* ViewController.swift in Sources */,
				825BA2701E79F7B400DADB93 /* AppDelegate.swift in Sources */,
			);
			runOnlyForDeploymentPostprocessing = 0;
		};
/* End PBXSourcesBuildPhase section */

/* Begin PBXVariantGroup section */
		825BA2731E79F7B400DADB93 /* Main.storyboard */ = {
			isa = PBXVariantGroup;
			children = (
				825BA2741E79F7B400DADB93 /* Base */,
			);
			name = Main.storyboard;
			sourceTree = "<group>";
		};
		825BA2781E79F7B400DADB93 /* LaunchScreen.storyboard */ = {
			isa = PBXVariantGroup;
			children = (
				825BA2791E79F7B400DADB93 /* Base */,
			);
			name = LaunchScreen.storyboard;
			sourceTree = "<group>";
		};
/* End PBXVariantGroup section */

/* Begin XCBuildConfiguration section */
		825BA27C1E79F7B400DADB93 /* Debug */ = {
			isa = XCBuildConfiguration;
			buildSettings = {
				ALWAYS_SEARCH_USER_PATHS = NO;
				CLANG_ANALYZER_NONNULL = YES;
				CLANG_CXX_LANGUAGE_STANDARD = "gnu++0x";
				CLANG_CXX_LIBRARY = "libc++";
				CLANG_ENABLE_MODULES = YES;
				CLANG_ENABLE_OBJC_ARC = YES;
				CLANG_WARN_BOOL_CONVERSION = YES;
				CLANG_WARN_CONSTANT_CONVERSION = YES;
				CLANG_WARN_DIRECT_OBJC_ISA_USAGE = YES_ERROR;
				CLANG_WARN_DOCUMENTATION_COMMENTS = YES;
				CLANG_WARN_EMPTY_BODY = YES;
				CLANG_WARN_ENUM_CONVERSION = YES;
				CLANG_WARN_INFINITE_RECURSION = YES;
				CLANG_WARN_INT_CONVERSION = YES;
				CLANG_WARN_OBJC_ROOT_CLASS = YES_ERROR;
				CLANG_WARN_SUSPICIOUS_MOVE = YES;
				CLANG_WARN_UNREACHABLE_CODE = YES;
				CLANG_WARN__DUPLICATE_METHOD_MATCH = YES;
				"CODE_SIGN_IDENTITY[sdk=iphoneos*]" = "iPhone Developer";
				COPY_PHASE_STRIP = NO;
				DEBUG_INFORMATION_FORMAT = dwarf;
				ENABLE_STRICT_OBJC_MSGSEND = YES;
				ENABLE_TESTABILITY = YES;
				GCC_C_LANGUAGE_STANDARD = gnu99;
				GCC_DYNAMIC_NO_PIC = NO;
				GCC_NO_COMMON_BLOCKS = YES;
				GCC_OPTIMIZATION_LEVEL = 0;
				GCC_PREPROCESSOR_DEFINITIONS = (
					"DEBUG=1",
					"$(inherited)",
				);
				GCC_WARN_64_TO_32_BIT_CONVERSION = YES;
				GCC_WARN_ABOUT_RETURN_TYPE = YES_ERROR;
				GCC_WARN_UNDECLARED_SELECTOR = YES;
				GCC_WARN_UNINITIALIZED_AUTOS = YES_AGGRESSIVE;
				GCC_WARN_UNUSED_FUNCTION = YES;
				GCC_WARN_UNUSED_VARIABLE = YES;
				IPHONEOS_DEPLOYMENT_TARGET = 10.2;
				MTL_ENABLE_DEBUG_INFO = YES;
				ONLY_ACTIVE_ARCH = YES;
				SDKROOT = iphoneos;
				SWIFT_ACTIVE_COMPILATION_CONDITIONS = DEBUG;
				SWIFT_OPTIMIZATION_LEVEL = "-Onone";
				TARGETED_DEVICE_FAMILY = "1,2";
			};
			name = Debug;
		};
		825BA27D1E79F7B400DADB93 /* Release */ = {
			isa = XCBuildConfiguration;
			buildSettings = {
				ALWAYS_SEARCH_USER_PATHS = NO;
				CLANG_ANALYZER_NONNULL = YES;
				CLANG_CXX_LANGUAGE_STANDARD = "gnu++0x";
				CLANG_CXX_LIBRARY = "libc++";
				CLANG_ENABLE_MODULES = YES;
				CLANG_ENABLE_OBJC_ARC = YES;
				CLANG_WARN_BOOL_CONVERSION = YES;
				CLANG_WARN_CONSTANT_CONVERSION = YES;
				CLANG_WARN_DIRECT_OBJC_ISA_USAGE = YES_ERROR;
				CLANG_WARN_DOCUMENTATION_COMMENTS = YES;
				CLANG_WARN_EMPTY_BODY = YES;
				CLANG_WARN_ENUM_CONVERSION = YES;
				CLANG_WARN_INFINITE_RECURSION = YES;
				CLANG_WARN_INT_CONVERSION = YES;
				CLANG_WARN_OBJC_ROOT_CLASS = YES_ERROR;
				CLANG_WARN_SUSPICIOUS_MOVE = YES;
				CLANG_WARN_UNREACHABLE_CODE = YES;
				CLANG_WARN__DUPLICATE_METHOD_MATCH = YES;
				"CODE_SIGN_IDENTITY[sdk=iphoneos*]" = "iPhone Developer";
				COPY_PHASE_STRIP = NO;
				DEBUG_INFORMATION_FORMAT = "dwarf-with-dsym";
				ENABLE_NS_ASSERTIONS = NO;
				ENABLE_STRICT_OBJC_MSGSEND = YES;
				GCC_C_LANGUAGE_STANDARD = gnu99;
				GCC_NO_COMMON_BLOCKS = YES;
				GCC_WARN_64_TO_32_BIT_CONVERSION = YES;
				GCC_WARN_ABOUT_RETURN_TYPE = YES_ERROR;
				GCC_WARN_UNDECLARED_SELECTOR = YES;
				GCC_WARN_UNINITIALIZED_AUTOS = YES_AGGRESSIVE;
				GCC_WARN_UNUSED_FUNCTION = YES;
				GCC_WARN_UNUSED_VARIABLE = YES;
				IPHONEOS_DEPLOYMENT_TARGET = 10.2;
				MTL_ENABLE_DEBUG_INFO = NO;
				SDKROOT = iphoneos;
				SWIFT_OPTIMIZATION_LEVEL = "-Owholemodule";
				TARGETED_DEVICE_FAMILY = "1,2";
				VALIDATE_PRODUCT = YES;
			};
			name = Release;
		};
		825BA27F1E79F7B400DADB93 /* Debug */ = {
			isa = XCBuildConfiguration;
			buildSettings = {
				ASSETCATALOG_COMPILER_APPICON_NAME = AppIcon;
				INFOPLIST_FILE = "MIT Hello World/Info.plist";
				LD_RUNPATH_SEARCH_PATHS = "$(inherited) @executable_path/Frameworks";
				PRODUCT_BUNDLE_IDENTIFIER = "com.t7me.MIT-Hello-World";
				PRODUCT_NAME = "$(TARGET_NAME)";
				SWIFT_VERSION = 3.0;
			};
			name = Debug;
		};
		825BA2801E79F7B400DADB93 /* Release */ = {
			isa = XCBuildConfiguration;
			buildSettings = {
				ASSETCATALOG_COMPILER_APPICON_NAME = AppIcon;
				INFOPLIST_FILE = "MIT Hello World/Info.plist";
				LD_RUNPATH_SEARCH_PATHS = "$(inherited) @executable_path/Frameworks";
				PRODUCT_BUNDLE_IDENTIFIER = "com.t7me.MIT-Hello-World";
				PRODUCT_NAME = "$(TARGET_NAME)";
				SWIFT_VERSION = 3.0;
			};
			name = Release;
		};
/* End XCBuildConfiguration section */

/* Begin XCConfigurationList section */
		825BA2671E79F7B300DADB93 /* Build configuration list for PBXProject "MIT Hello World" */ = {
			isa = XCConfigurationList;
			buildConfigurations = (
				825BA27C1E79F7B400DADB93 /* Debug */,
				825BA27D1E79F7B400DADB93 /* Release */,
			);
			defaultConfigurationIsVisible = 0;
			defaultConfigurationName = Release;
		};
		825BA27E1E79F7B400DADB93 /* Build configuration list for PBXNativeTarget "MIT Hello World" */ = {
			isa = XCConfigurationList;
			buildConfigurations = (
				825BA27F1E79F7B400DADB93 /* Debug */,
				825BA2801E79F7B400DADB93 /* Release */,
			);
			defaultConfigurationIsVisible = 0;
		};
/* End XCConfigurationList section */
	};
	rootObject = 825BA2641E79F7B300DADB93 /* Project object */;
}
